
Microsoft Visual Studio Solution File, Format Version 12.00
# Visual Studio 15
Project("{FAE04EC0-301F-11D3-BF4B-00C04F79EFBC}") = "Exercise1", "ConsoleApp1\Exercise1.csproj", "{883B8930-2BC6-4E25-8599-C2F0933CE4FD}"
EndProject
Project("{FAE04EC0-301F-11D3-BF4B-00C04F79EFBC}") = "Exercise2", "Exercise2\Exercise2.csproj", "{5DF7BEF3-57BB-46BF-8B4E-7AE7AE155414}"
EndProject
Project("{FAE04EC0-301F-11D3-BF4B-00C04F79EFBC}") = "Exercise3", "Exercise3\Exercise3.csproj", "{0AB6A5E8-A1B7-4136-BBF5-8D3686CF4A2B}"
EndProject
Project("{FAE04EC0-301F-11D3-BF4B-00C04F79EFBC}") = "Exercise4", "Exercise4\Exercise4.csproj", "{C48758A8-9EEE-4499-8D29-325967F54E72}"
EndProject
Project("{FAE04EC0-301F-11D3-BF4B-00C04F79EFBC}") = "Exercise5", "Exercise5\Exercise5.csproj", "{A5970BF2-06F1-4449-9960-185C74C97E4E}"
EndProject
Project("{FAE04EC0-301F-11D3-BF4B-00C04F79EFBC}") = "Exercise6", "Exercise6\Exercise6.csproj", "{723AF773-B37F-4A16-B905-5C3B603F3911}"
EndProject
Project("{FAE04EC0-301F-11D3-BF4B-00C04F79EFBC}") = "Exercise7", "Exercise7\Exercise7.csproj", "{2E930FD9-C310-4045-AF43-CEDECA9D2596}"
EndProject
Project("{FAE04EC0-301F-11D3-BF4B-00C04F79EFBC}") = "Exercise7.1", "Exercise7.1\Exercise7.1.csproj", "{EAF0808B-EF20-4602-9C4A-C401596F50A4}"
EndProject
Project("{FAE04EC0-301F-11D3-BF4B-00C04F79EFBC}") = "Exercise8", "Exercise8\Exercise8.csproj", "{C09C5324-1EEF-4C81-8E4D-D68050ADA6BC}"
EndProject
Project("{FAE04EC0-301F-11D3-BF4B-00C04F79EFBC}") = "Exercise9", "Exercise9\Exercise9.csproj", "{7FE1FFD0-E3C0-40B7-AB97-9403C75C3006}"
EndProject
Project("{FAE04EC0-301F-11D3-BF4B-00C04F79EFBC}") = "Exercise10", "Exercise10\Exercise10.csproj", "{2E56FC24-E008-4356-B141-0767FE591A1D}"
EndProject
Project("{FAE04EC0-301F-11D3-BF4B-00C04F79EFBC}") = "Exercise11", "Exercise11\Exercise11.csproj", "{5BF64ABD-B735-424D-A2B8-4D60B746CDD0}"
EndProject
Project("{FAE04EC0-301F-11D3-BF4B-00C04F79EFBC}") = "Exercise12", "Exercise12\Exercise12.csproj", "{CE499204-2D36-4721-81E4-44A73A3FC250}"
EndProject
Project("{FAE04EC0-301F-11D3-BF4B-00C04F79EFBC}") = "Exercise14", "Exercise14\Exercise14.csproj", "{74DDA9FB-843B-4995-8486-E320324119C9}"
EndProject
Global
	GlobalSection(SolutionConfigurationPlatforms) = preSolution
		Debug|Any CPU = Debug|Any CPU
		Release|Any CPU = Release|Any CPU
	EndGlobalSection
	GlobalSection(ProjectConfigurationPlatforms) = postSolution
		{883B8930-2BC6-4E25-8599-C2F0933CE4FD}.Debug|Any CPU.ActiveCfg = Debug|Any CPU
		{883B8930-2BC6-4E25-8599-C2F0933CE4FD}.Debug|Any CPU.Build.0 = Debug|Any CPU
		{883B8930-2BC6-4E25-8599-C2F0933CE4FD}.Release|Any CPU.ActiveCfg = Release|Any CPU
		{883B8930-2BC6-4E25-8599-C2F0933CE4FD}.Release|Any CPU.Build.0 = Release|Any CPU
		{5DF7BEF3-57BB-46BF-8B4E-7AE7AE155414}.Debug|Any CPU.ActiveCfg = Debug|Any CPU
		{5DF7BEF3-57BB-46BF-8B4E-7AE7AE155414}.Debug|Any CPU.Build.0 = Debug|Any CPU
		{5DF7BEF3-57BB-46BF-8B4E-7AE7AE155414}.Release|Any CPU.ActiveCfg = Release|Any CPU
		{5DF7BEF3-57BB-46BF-8B4E-7AE7AE155414}.Release|Any CPU.Build.0 = Release|Any CPU
		{0AB6A5E8-A1B7-4136-BBF5-8D3686CF4A2B}.Debug|Any CPU.ActiveCfg = Debug|Any CPU
		{0AB6A5E8-A1B7-4136-BBF5-8D3686CF4A2B}.Debug|Any CPU.Build.0 = Debug|Any CPU
		{0AB6A5E8-A1B7-4136-BBF5-8D3686CF4A2B}.Release|Any CPU.ActiveCfg = Release|Any CPU
		{0AB6A5E8-A1B7-4136-BBF5-8D3686CF4A2B}.Release|Any CPU.Build.0 = Release|Any CPU
		{C48758A8-9EEE-4499-8D29-325967F54E72}.Debug|Any CPU.ActiveCfg = Debug|Any CPU
		{C48758A8-9EEE-4499-8D29-325967F54E72}.Debug|Any CPU.Build.0 = Debug|Any CPU
		{C48758A8-9EEE-4499-8D29-325967F54E72}.Release|Any CPU.ActiveCfg = Release|Any CPU
		{C48758A8-9EEE-4499-8D29-325967F54E72}.Release|Any CPU.Build.0 = Release|Any CPU
		{A5970BF2-06F1-4449-9960-185C74C97E4E}.Debug|Any CPU.ActiveCfg = Debug|Any CPU
		{A5970BF2-06F1-4449-9960-185C74C97E4E}.Debug|Any CPU.Build.0 = Debug|Any CPU
		{A5970BF2-06F1-4449-9960-185C74C97E4E}.Release|Any CPU.ActiveCfg = Release|Any CPU
		{A5970BF2-06F1-4449-9960-185C74C97E4E}.Release|Any CPU.Build.0 = Release|Any CPU
		{723AF773-B37F-4A16-B905-5C3B603F3911}.Debug|Any CPU.ActiveCfg = Debug|Any CPU
		{723AF773-B37F-4A16-B905-5C3B603F3911}.Debug|Any CPU.Build.0 = Debug|Any CPU
		{723AF773-B37F-4A16-B905-5C3B603F3911}.Release|Any CPU.ActiveCfg = Release|Any CPU
		{723AF773-B37F-4A16-B905-5C3B603F3911}.Release|Any CPU.Build.0 = Release|Any CPU
		{2E930FD9-C310-4045-AF43-CEDECA9D2596}.Debug|Any CPU.ActiveCfg = Debug|Any CPU
		{2E930FD9-C310-4045-AF43-CEDECA9D2596}.Debug|Any CPU.Build.0 = Debug|Any CPU
		{2E930FD9-C310-4045-AF43-CEDECA9D2596}.Release|Any CPU.ActiveCfg = Release|Any CPU
		{2E930FD9-C310-4045-AF43-CEDECA9D2596}.Release|Any CPU.Build.0 = Release|Any CPU
		{EAF0808B-EF20-4602-9C4A-C401596F50A4}.Debug|Any CPU.ActiveCfg = Debug|Any CPU
		{EAF0808B-EF20-4602-9C4A-C401596F50A4}.Debug|Any CPU.Build.0 = Debug|Any CPU
		{EAF0808B-EF20-4602-9C4A-C401596F50A4}.Release|Any CPU.ActiveCfg = Release|Any CPU
		{EAF0808B-EF20-4602-9C4A-C401596F50A4}.Release|Any CPU.Build.0 = Release|Any CPU
		{C09C5324-1EEF-4C81-8E4D-D68050ADA6BC}.Debug|Any CPU.ActiveCfg = Debug|Any CPU
		{C09C5324-1EEF-4C81-8E4D-D68050ADA6BC}.Debug|Any CPU.Build.0 = Debug|Any CPU
		{C09C5324-1EEF-4C81-8E4D-D68050ADA6BC}.Release|Any CPU.ActiveCfg = Release|Any CPU
		{C09C5324-1EEF-4C81-8E4D-D68050ADA6BC}.Release|Any CPU.Build.0 = Release|Any CPU
		{7FE1FFD0-E3C0-40B7-AB97-9403C75C3006}.Debug|Any CPU.ActiveCfg = Debug|Any CPU
		{7FE1FFD0-E3C0-40B7-AB97-9403C75C3006}.Debug|Any CPU.Build.0 = Debug|Any CPU
		{7FE1FFD0-E3C0-40B7-AB97-9403C75C3006}.Release|Any CPU.ActiveCfg = Release|Any CPU
		{7FE1FFD0-E3C0-40B7-AB97-9403C75C3006}.Release|Any CPU.Build.0 = Release|Any CPU
		{2E56FC24-E008-4356-B141-0767FE591A1D}.Debug|Any CPU.ActiveCfg = Debug|Any CPU
		{2E56FC24-E008-4356-B141-0767FE591A1D}.Debug|Any CPU.Build.0 = Debug|Any CPU
		{2E56FC24-E008-4356-B141-0767FE591A1D}.Release|Any CPU.ActiveCfg = Release|Any CPU
		{2E56FC24-E008-4356-B141-0767FE591A1D}.Release|Any CPU.Build.0 = Release|Any CPU
		{5BF64ABD-B735-424D-A2B8-4D60B746CDD0}.Debug|Any CPU.ActiveCfg = Debug|Any CPU
		{5BF64ABD-B735-424D-A2B8-4D60B746CDD0}.Debug|Any CPU.Build.0 = Debug|Any CPU
		{5BF64ABD-B735-424D-A2B8-4D60B746CDD0}.Release|Any CPU.ActiveCfg = Release|Any CPU
		{5BF64ABD-B735-424D-A2B8-4D60B746CDD0}.Release|Any CPU.Build.0 = Release|Any CPU
		{CE499204-2D36-4721-81E4-44A73A3FC250}.Debug|Any CPU.ActiveCfg = Debug|Any CPU
		{CE499204-2D36-4721-81E4-44A73A3FC250}.Debug|Any CPU.Build.0 = Debug|Any CPU
		{CE499204-2D36-4721-81E4-44A73A3FC250}.Release|Any CPU.ActiveCfg = Release|Any CPU
		{CE499204-2D36-4721-81E4-44A73A3FC250}.Release|Any CPU.Build.0 = Release|Any CPU
		{74DDA9FB-843B-4995-8486-E320324119C9}.Debug|Any CPU.ActiveCfg = Debug|Any CPU
		{74DDA9FB-843B-4995-8486-E320324119C9}.Debug|Any CPU.Build.0 = Debug|Any CPU
		{74DDA9FB-843B-4995-8486-E320324119C9}.Release|Any CPU.ActiveCfg = Release|Any CPU
		{74DDA9FB-843B-4995-8486-E320324119C9}.Release|Any CPU.Build.0 = Release|Any CPU
	EndGlobalSection
EndGlobal
